<?xml version="1.0" encoding="utf-8"?>
<Project ToolsVersion="4.0" xmlns="http://schemas.microsoft.com/developer/msbuild/2003">
  <ItemGroup>
    <Filter Include="Source Files">
      <UniqueIdentifier>{4FC737F1-C7A5-4376-A066-2A32D752A2FF}</UniqueIdentifier>
      <Extensions>cpp;c;cc;cxx;def;odl;idl;hpj;bat;asm;asmx</Extensions>
    </Filter>
    <Filter Include="Header Files">
      <UniqueIdentifier>{93995380-89BD-4b04-88EB-625FBE52EBFB}</UniqueIdentifier>
      <Extensions>h;hh;hpp;hxx;hm;inl;inc;xsd</Extensions>
    </Filter>
    <Filter Include="Resource Files">
      <UniqueIdentifier>{67DA6AB6-F800-4c08-8B7A-83BB121AAD01}</UniqueIdentifier>
      <Extensions>rc;ico;cur;bmp;dlg;rc2;rct;bin;rgs;gif;jpg;jpeg;jpe;resx;tiff;tif;png;wav;mfcribbon-ms</Extensions>
    </Filter>
    <Filter Include="Source Files\mcsrc">
      <UniqueIdentifier>{6f2ce1ba-f42d-401e-8339-20eff317021e}</UniqueIdentifier>
    </Filter>
    <Filter Include="Header Files\mcsrc">
      <UniqueIdentifier>{6911d720-5265-4251-aaf9-f288770ce1b7}</UniqueIdentifier>
    </Filter>
    <Filter Include="Header Files\mcsrc\libmc">
      <UniqueIdentifier>{7bf13e87-1136-4b8b-8885-4584c6da3ecf}</UniqueIdentifier>
    </Filter>
    <Filter Include="Header Files\mcsrc\libmc\event">
      <UniqueIdentifier>{c6092b7e-112f-476e-914a-45be772d911d}</UniqueIdentifier>
    </Filter>
    <Filter Include="Header Files\mcsrc\libmc\hilite">
      <UniqueIdentifier>{f5b1ee17-48d4-4e3e-8a53-9c6bb06f15de}</UniqueIdentifier>
    </Filter>
    <Filter Include="Header Files\mcsrc\libmc\widget">
      <UniqueIdentifier>{09067f8b-92a1-4c6f-96de-0f062c12de65}</UniqueIdentifier>
    </Filter>
    <Filter Include="Header Files\mcsrc\libmc\vfs">
      <UniqueIdentifier>{2179d28c-3dce-4157-89a8-daccc1c4a881}</UniqueIdentifier>
    </Filter>
    <Filter Include="Header Files\mcsrc\libmc\tty">
      <UniqueIdentifier>{ab0c3e30-54b6-45ad-89c6-52f1a9d5ae8f}</UniqueIdentifier>
    </Filter>
    <Filter Include="Header Files\mcsrc\libmc\skin">
      <UniqueIdentifier>{8f09f5ce-a73f-4a39-9b96-bcbb500189a6}</UniqueIdentifier>
    </Filter>
    <Filter Include="Header Files\mcsrc\libmc\search">
      <UniqueIdentifier>{b8259760-57bd-4013-8914-d0fae94d41b6}</UniqueIdentifier>
    </Filter>
    <Filter Include="Source Files\mcsrc\libmc">
      <UniqueIdentifier>{7459329d-2cdf-48c8-b337-8a087344b788}</UniqueIdentifier>
    </Filter>
    <Filter Include="Source Files\mcsrc\libmc\event">
      <UniqueIdentifier>{16788432-879f-480a-a623-85c7bd2c6975}</UniqueIdentifier>
    </Filter>
    <Filter Include="Source Files\mcsrc\libmc\hilite">
      <UniqueIdentifier>{c80c6127-d6ca-4741-932b-57c8fab7d2d6}</UniqueIdentifier>
    </Filter>
    <Filter Include="Source Files\mcsrc\libmc\mcconfig">
      <UniqueIdentifier>{22ba00a5-cb5e-4b7f-8da8-419f3dfa08b3}</UniqueIdentifier>
    </Filter>
    <Filter Include="Source Files\mcsrc\libmc\search">
      <UniqueIdentifier>{7f4832b1-7922-4aad-b094-6afb14e22c90}</UniqueIdentifier>
    </Filter>
    <Filter Include="Source Files\mcsrc\libmc\skin">
      <UniqueIdentifier>{fbdbe9cc-cb16-4544-a562-322f79f96ccb}</UniqueIdentifier>
    </Filter>
    <Filter Include="Source Files\mcsrc\libmc\strutil">
      <UniqueIdentifier>{64206170-d444-4c97-a4e3-f705ce654e4a}</UniqueIdentifier>
    </Filter>
    <Filter Include="Source Files\mcsrc\libmc\tty">
      <UniqueIdentifier>{2ea2dd59-d62c-4ca5-9606-1c9e4941badd}</UniqueIdentifier>
    </Filter>
    <Filter Include="Source Files\mcsrc\libmc\vfs">
      <UniqueIdentifier>{9cf72eb8-db55-41ef-bb03-97051ca94aaf}</UniqueIdentifier>
    </Filter>
    <Filter Include="Source Files\mcsrc\libmc\widget">
      <UniqueIdentifier>{b1d7c357-fb72-4edf-be7e-5085a9d451d6}</UniqueIdentifier>
    </Filter>
    <Filter Include="Source Files\mcsrc\libvfs">
      <UniqueIdentifier>{cd95d1ac-d7ca-418f-ac40-e4c4340f0e3b}</UniqueIdentifier>
    </Filter>
    <Filter Include="Source Files\mcsrc\viewer">
      <UniqueIdentifier>{cabefdfc-348b-440a-a350-3ab45d1d0eec}</UniqueIdentifier>
    </Filter>
    <Filter Include="Source Files\mcsrc\diffviewer">
      <UniqueIdentifier>{946fdbb2-63d7-4f97-b636-40720ad1fcda}</UniqueIdentifier>
    </Filter>
    <Filter Include="Source Files\mcsrc\editor">
      <UniqueIdentifier>{6d50dc34-6882-4731-bce6-cb5b0396615a}</UniqueIdentifier>
    </Filter>
    <Filter Include="Source Files\mcsrc\filemanager">
      <UniqueIdentifier>{b142dc82-34f0-45bb-97a6-40f733a63b4f}</UniqueIdentifier>
    </Filter>
    <Filter Include="Header Files\mcsrc\viewer">
      <UniqueIdentifier>{03847373-2f5c-4835-9e54-7513b7de251d}</UniqueIdentifier>
    </Filter>
    <Filter Include="Header Files\mcsrc\diffviewer">
      <UniqueIdentifier>{9491acd7-c181-49f0-8c75-92afcf37a6e8}</UniqueIdentifier>
    </Filter>
    <Filter Include="Header Files\mcsrc\editor">
      <UniqueIdentifier>{b7b52fb1-4fe0-4821-a6a1-5e6cc3b8c0dd}</UniqueIdentifier>
    </Filter>
    <Filter Include="Header Files\mcsrc\libvfs">
      <UniqueIdentifier>{ed94f321-b300-4dae-8bb1-e8c96bb58922}</UniqueIdentifier>
    </Filter>
    <Filter Include="Source Files\mcsrc\libvfs\local">
      <UniqueIdentifier>{3413cf94-97c9-4da1-a874-c218578e2b07}</UniqueIdentifier>
    </Filter>
    <Filter Include="Source Files\mcsrc\libvfs\cpio">
      <UniqueIdentifier>{57be2c2f-ee67-4ec6-be44-3ebd1150767a}</UniqueIdentifier>
    </Filter>
    <Filter Include="Source Files\mcsrc\libvfs\extfs">
      <UniqueIdentifier>{7090aa42-ab30-464c-b4af-563f36605754}</UniqueIdentifier>
    </Filter>
    <Filter Include="Source Files\mcsrc\libvfs\fish">
      <UniqueIdentifier>{cf622c98-646e-4698-99b4-d4cd5dfd5d44}</UniqueIdentifier>
    </Filter>
    <Filter Include="Source Files\mcsrc\libvfs\ftpfs">
      <UniqueIdentifier>{45558339-30cc-423b-b676-32f0abeced8c}</UniqueIdentifier>
    </Filter>
    <Filter Include="Source Files\mcsrc\libvfs\sfs">
      <UniqueIdentifier>{e5a41f9e-9ca3-4ba3-bafb-fb3ded7e7eed}</UniqueIdentifier>
    </Filter>
    <Filter Include="Source Files\mcsrc\libvfs\smbfs">
      <UniqueIdentifier>{7457cacb-f1ff-49ce-b02f-30635fe68224}</UniqueIdentifier>
    </Filter>
    <Filter Include="Source Files\mcsrc\libvfs\tar">
      <UniqueIdentifier>{7286ba9c-12ce-45e2-93f8-51309ddea906}</UniqueIdentifier>
    </Filter>
    <Filter Include="Source Files\mcsrc\libvfs\undelfs">
      <UniqueIdentifier>{232f4bc0-8dab-4c32-9499-2b03e6b5e200}</UniqueIdentifier>
    </Filter>
    <Filter Include="Source Files\mcsrc\libvfs\sftpfs">
      <UniqueIdentifier>{960c1c61-1cec-44f0-bcce-7a19a8108c44}</UniqueIdentifier>
    </Filter>
    <Filter Include="Header Files\mcsrc\libmc\widget\filemanager">
      <UniqueIdentifier>{7f19a6d2-651c-4a3b-aedf-57a19bd7522f}</UniqueIdentifier>
    </Filter>
    <Filter Include="Header Files\mcsrc\libvfs\fish">
      <UniqueIdentifier>{7de8c171-2956-448d-987a-a88879abbce4}</UniqueIdentifier>
    </Filter>
    <Filter Include="Header Files\mcsrc\filemanager">
      <UniqueIdentifier>{cb5045c7-7dcc-4c91-9d00-5750b767cd6e}</UniqueIdentifier>
    </Filter>
  </ItemGroup>
  <ItemGroup>
    <ClCompile Include="..\..\..\mcsrc\src\args.c">
      <Filter>Source Files\mcsrc</Filter>
    </ClCompile>
    <ClCompile Include="..\..\..\mcsrc\src\clipboard.c">
      <Filter>Source Files\mcsrc</Filter>
    </ClCompile>
    <ClCompile Include="..\..\..\mcsrc\src\cons.handler.c">
      <Filter>Source Files\mcsrc</Filter>
    </ClCompile>
    <ClCompile Include="..\..\..\mcsrc\src\events_init.c">
      <Filter>Source Files\mcsrc</Filter>
    </ClCompile>
    <ClCompile Include="..\..\..\mcsrc\src\execute.c">
      <Filter>Source Files\mcsrc</Filter>
    </ClCompile>
    <ClCompile Include="..\..\..\mcsrc\src\help.c">
      <Filter>Source Files\mcsrc</Filter>
    </ClCompile>
    <ClCompile Include="..\..\..\mcsrc\src\learn.c">
      <Filter>Source Files\mcsrc</Filter>
    </ClCompile>
    <ClCompile Include="..\..\..\mcsrc\src\main.c">
      <Filter>Source Files\mcsrc</Filter>
    </ClCompile>
    <ClCompile Include="..\..\..\mcsrc\src\selcodepage.c">
      <Filter>Source Files\mcsrc</Filter>
    </ClCompile>
    <ClCompile Include="..\..\..\mcsrc\src\setup.c">
      <Filter>Source Files\mcsrc</Filter>
    </ClCompile>
    <ClCompile Include="..\..\..\mcsrc\src\textconf.c">
      <Filter>Source Files\mcsrc</Filter>
    </ClCompile>
    <ClCompile Include="..\..\..\mcsrc\src\util.c">
      <Filter>Source Files\mcsrc</Filter>
    </ClCompile>
    <ClCompile Include="..\..\..\mcsrc\src\filemanager\achown.c">
      <Filter>Source Files\mcsrc\filemanager</Filter>
    </ClCompile>
    <ClCompile Include="..\..\..\mcsrc\src\filemanager\boxes.c">
      <Filter>Source Files\mcsrc\filemanager</Filter>
    </ClCompile>
    <ClCompile Include="..\..\..\mcsrc\src\filemanager\chmod.c">
      <Filter>Source Files\mcsrc\filemanager</Filter>
    </ClCompile>
    <ClCompile Include="..\..\..\mcsrc\src\filemanager\chown.c">
      <Filter>Source Files\mcsrc\filemanager</Filter>
    </ClCompile>
    <ClCompile Include="..\..\..\mcsrc\src\filemanager\cmd.c">
      <Filter>Source Files\mcsrc\filemanager</Filter>
    </ClCompile>
    <ClCompile Include="..\..\..\mcsrc\src\filemanager\command.c">
      <Filter>Source Files\mcsrc\filemanager</Filter>
    </ClCompile>
    <ClCompile Include="..\..\..\mcsrc\src\filemanager\dir.c">
      <Filter>Source Files\mcsrc\filemanager</Filter>
    </ClCompile>
    <ClCompile Include="..\..\..\mcsrc\src\filemanager\ext.c">
      <Filter>Source Files\mcsrc\filemanager</Filter>
    </ClCompile>
    <ClCompile Include="..\..\..\mcsrc\src\filemanager\file.c">
      <Filter>Source Files\mcsrc\filemanager</Filter>
    </ClCompile>
    <ClCompile Include="..\..\..\mcsrc\src\filemanager\filegui.c">
      <Filter>Source Files\mcsrc\filemanager</Filter>
    </ClCompile>
    <ClCompile Include="..\..\..\mcsrc\src\filemanager\filenot.c">
      <Filter>Source Files\mcsrc\filemanager</Filter>
    </ClCompile>
    <ClCompile Include="..\..\..\mcsrc\src\filemanager\fileopctx.c">
      <Filter>Source Files\mcsrc\filemanager</Filter>
    </ClCompile>
    <ClCompile Include="..\..\..\mcsrc\src\filemanager\find.c">
      <Filter>Source Files\mcsrc\filemanager</Filter>
    </ClCompile>
    <ClCompile Include="..\..\..\mcsrc\src\filemanager\hotlist.c">
      <Filter>Source Files\mcsrc\filemanager</Filter>
    </ClCompile>
    <ClCompile Include="..\..\..\mcsrc\src\filemanager\info.c">
      <Filter>Source Files\mcsrc\filemanager</Filter>
    </ClCompile>
    <ClCompile Include="..\..\..\mcsrc\src\filemanager\layout.c">
      <Filter>Source Files\mcsrc\filemanager</Filter>
    </ClCompile>
    <ClCompile Include="..\..\..\mcsrc\src\filemanager\listmode.c">
      <Filter>Source Files\mcsrc\filemanager</Filter>
    </ClCompile>
    <ClCompile Include="..\..\..\mcsrc\src\filemanager\mountlist.c">
      <Filter>Source Files\mcsrc\filemanager</Filter>
    </ClCompile>
    <ClCompile Include="..\..\..\mcsrc\src\filemanager\panel.c">
      <Filter>Source Files\mcsrc\filemanager</Filter>
    </ClCompile>
    <ClCompile Include="..\..\..\mcsrc\src\filemanager\panelize.c">
      <Filter>Source Files\mcsrc\filemanager</Filter>
    </ClCompile>
    <ClCompile Include="..\..\..\mcsrc\src\filemanager\tree.c">
      <Filter>Source Files\mcsrc\filemanager</Filter>
    </ClCompile>
    <ClCompile Include="..\..\..\mcsrc\src\filemanager\treestore.c">
      <Filter>Source Files\mcsrc\filemanager</Filter>
    </ClCompile>
    <ClCompile Include="..\..\..\mcsrc\src\editor\bookmark.c">
      <Filter>Source Files\mcsrc\editor</Filter>
    </ClCompile>
    <ClCompile Include="..\..\..\mcsrc\src\editor\edit.c">
      <Filter>Source Files\mcsrc\editor</Filter>
    </ClCompile>
    <ClCompile Include="..\..\..\mcsrc\src\editor\editbuffer.c">
      <Filter>Source Files\mcsrc\editor</Filter>
    </ClCompile>
    <ClCompile Include="..\..\..\mcsrc\src\editor\editcmd.c">
      <Filter>Source Files\mcsrc\editor</Filter>
    </ClCompile>
    <ClCompile Include="..\..\..\mcsrc\src\editor\editdraw.c">
      <Filter>Source Files\mcsrc\editor</Filter>
    </ClCompile>
    <ClCompile Include="..\..\..\mcsrc\src\editor\editmenu.c">
      <Filter>Source Files\mcsrc\editor</Filter>
    </ClCompile>
    <ClCompile Include="..\..\..\mcsrc\src\editor\editoptions.c">
      <Filter>Source Files\mcsrc\editor</Filter>
    </ClCompile>
    <ClCompile Include="..\..\..\mcsrc\src\editor\editwidget.c">
      <Filter>Source Files\mcsrc\editor</Filter>
    </ClCompile>
    <ClCompile Include="..\..\..\mcsrc\src\editor\etags.c">
      <Filter>Source Files\mcsrc\editor</Filter>
    </ClCompile>
    <ClCompile Include="..\..\..\mcsrc\src\editor\format.c">
      <Filter>Source Files\mcsrc\editor</Filter>
    </ClCompile>
    <ClCompile Include="..\..\..\mcsrc\src\editor\spell.c">
      <Filter>Source Files\mcsrc\editor</Filter>
    </ClCompile>
    <ClCompile Include="..\..\..\mcsrc\src\editor\syntax.c">
      <Filter>Source Files\mcsrc\editor</Filter>
    </ClCompile>
    <ClCompile Include="..\..\..\mcsrc\src\diffviewer\search.c">
      <Filter>Source Files\mcsrc\diffviewer</Filter>
    </ClCompile>
    <ClCompile Include="..\..\..\mcsrc\src\diffviewer\ydiff.c">
      <Filter>Source Files\mcsrc\diffviewer</Filter>
    </ClCompile>
    <ClCompile Include="..\..\..\mcsrc\src\viewer\actions_cmd.c">
      <Filter>Source Files\mcsrc\viewer</Filter>
    </ClCompile>
    <ClCompile Include="..\..\..\mcsrc\src\viewer\ascii.c">
      <Filter>Source Files\mcsrc\viewer</Filter>
    </ClCompile>
    <ClCompile Include="..\..\..\mcsrc\src\viewer\coord_cache.c">
      <Filter>Source Files\mcsrc\viewer</Filter>
    </ClCompile>
    <ClCompile Include="..\..\..\mcsrc\src\viewer\datasource.c">
      <Filter>Source Files\mcsrc\viewer</Filter>
    </ClCompile>
    <ClCompile Include="..\..\..\mcsrc\src\viewer\dialogs.c">
      <Filter>Source Files\mcsrc\viewer</Filter>
    </ClCompile>
    <ClCompile Include="..\..\..\mcsrc\src\viewer\display.c">
      <Filter>Source Files\mcsrc\viewer</Filter>
    </ClCompile>
    <ClCompile Include="..\..\..\mcsrc\src\viewer\growbuf.c">
      <Filter>Source Files\mcsrc\viewer</Filter>
    </ClCompile>
    <ClCompile Include="..\..\..\mcsrc\src\viewer\hex.c">
      <Filter>Source Files\mcsrc\viewer</Filter>
    </ClCompile>
    <ClCompile Include="..\..\..\mcsrc\src\viewer\lib.c">
      <Filter>Source Files\mcsrc\viewer</Filter>
    </ClCompile>
    <ClCompile Include="..\..\..\mcsrc\src\viewer\mcviewer.c">
      <Filter>Source Files\mcsrc\viewer</Filter>
    </ClCompile>
    <ClCompile Include="..\..\..\mcsrc\src\viewer\move.c">
      <Filter>Source Files\mcsrc\viewer</Filter>
    </ClCompile>
    <ClCompile Include="..\..\..\mcsrc\src\viewer\nroff.c">
      <Filter>Source Files\mcsrc\viewer</Filter>
    </ClCompile>
    <ClCompile Include="..\..\..\mcsrc\src\viewer\search.c">
      <Filter>Source Files\mcsrc\viewer</Filter>
    </ClCompile>
    <ClCompile Include="..\..\..\mcsrc\lib\charsets.c">
      <Filter>Source Files\mcsrc\libmc</Filter>
    </ClCompile>
    <ClCompile Include="..\..\..\mcsrc\lib\glibcompat.c">
      <Filter>Source Files\mcsrc\libmc</Filter>
    </ClCompile>
    <ClCompile Include="..\..\..\mcsrc\lib\global.c">
      <Filter>Source Files\mcsrc\libmc</Filter>
    </ClCompile>
    <ClCompile Include="..\..\..\mcsrc\lib\hook.c">
      <Filter>Source Files\mcsrc\libmc</Filter>
    </ClCompile>
    <ClCompile Include="..\..\..\mcsrc\lib\keybind.c">
      <Filter>Source Files\mcsrc\libmc</Filter>
    </ClCompile>
    <ClCompile Include="..\..\..\mcsrc\lib\lock.c">
      <Filter>Source Files\mcsrc\libmc</Filter>
    </ClCompile>
    <ClCompile Include="..\..\..\mcsrc\lib\logging.c">
      <Filter>Source Files\mcsrc\libmc</Filter>
    </ClCompile>
    <ClCompile Include="..\..\..\mcsrc\lib\serialize.c">
      <Filter>Source Files\mcsrc\libmc</Filter>
    </ClCompile>
    <ClCompile Include="..\..\..\mcsrc\lib\timefmt.c">
      <Filter>Source Files\mcsrc\libmc</Filter>
    </ClCompile>
    <ClCompile Include="..\..\..\mcsrc\lib\util.c">
      <Filter>Source Files\mcsrc\libmc</Filter>
    </ClCompile>
    <ClCompile Include="..\..\..\mcsrc\lib\event\event.c">
      <Filter>Source Files\mcsrc\libmc\event</Filter>
    </ClCompile>
    <ClCompile Include="..\..\..\mcsrc\lib\event\manage.c">
      <Filter>Source Files\mcsrc\libmc\event</Filter>
    </ClCompile>
    <ClCompile Include="..\..\..\mcsrc\lib\event\raise.c">
      <Filter>Source Files\mcsrc\libmc\event</Filter>
    </ClCompile>
    <ClCompile Include="..\..\..\mcsrc\lib\filehighlight\common.c">
      <Filter>Source Files\mcsrc\libmc\hilite</Filter>
    </ClCompile>
    <ClCompile Include="..\..\..\mcsrc\lib\filehighlight\get-color.c">
      <Filter>Source Files\mcsrc\libmc\hilite</Filter>
    </ClCompile>
    <ClCompile Include="..\..\..\mcsrc\lib\filehighlight\ini-file-read.c">
      <Filter>Source Files\mcsrc\libmc\hilite</Filter>
    </ClCompile>
    <ClCompile Include="..\..\..\mcsrc\lib\mcconfig\common.c">
      <Filter>Source Files\mcsrc\libmc\mcconfig</Filter>
    </ClCompile>
    <ClCompile Include="..\..\..\mcsrc\lib\mcconfig\get.c">
      <Filter>Source Files\mcsrc\libmc\mcconfig</Filter>
    </ClCompile>
    <ClCompile Include="..\..\..\mcsrc\lib\mcconfig\paths.c">
      <Filter>Source Files\mcsrc\libmc\mcconfig</Filter>
    </ClCompile>
    <ClCompile Include="..\..\..\mcsrc\lib\mcconfig\set.c">
      <Filter>Source Files\mcsrc\libmc\mcconfig</Filter>
    </ClCompile>
    <ClCompile Include="..\..\..\mcsrc\lib\widget\button.c">
      <Filter>Source Files\mcsrc\libmc\widget</Filter>
    </ClCompile>
    <ClCompile Include="..\..\..\mcsrc\lib\widget\buttonbar.c">
      <Filter>Source Files\mcsrc\libmc\widget</Filter>
    </ClCompile>
    <ClCompile Include="..\..\..\mcsrc\lib\widget\check.c">
      <Filter>Source Files\mcsrc\libmc\widget</Filter>
    </ClCompile>
    <ClCompile Include="..\..\..\mcsrc\lib\widget\dialog.c">
      <Filter>Source Files\mcsrc\libmc\widget</Filter>
    </ClCompile>
    <ClCompile Include="..\..\..\mcsrc\lib\widget\dialog-switch.c">
      <Filter>Source Files\mcsrc\libmc\widget</Filter>
    </ClCompile>
    <ClCompile Include="..\..\..\mcsrc\lib\widget\gauge.c">
      <Filter>Source Files\mcsrc\libmc\widget</Filter>
    </ClCompile>
    <ClCompile Include="..\..\..\mcsrc\lib\widget\groupbox.c">
      <Filter>Source Files\mcsrc\libmc\widget</Filter>
    </ClCompile>
    <ClCompile Include="..\..\..\mcsrc\lib\widget\history.c">
      <Filter>Source Files\mcsrc\libmc\widget</Filter>
    </ClCompile>
    <ClCompile Include="..\..\..\mcsrc\lib\widget\hline.c">
      <Filter>Source Files\mcsrc\libmc\widget</Filter>
    </ClCompile>
    <ClCompile Include="..\..\..\mcsrc\lib\widget\input.c">
      <Filter>Source Files\mcsrc\libmc\widget</Filter>
    </ClCompile>
    <ClCompile Include="..\..\..\mcsrc\lib\widget\input_complete.c">
      <Filter>Source Files\mcsrc\libmc\widget</Filter>
    </ClCompile>
    <ClCompile Include="..\..\..\mcsrc\lib\widget\label.c">
      <Filter>Source Files\mcsrc\libmc\widget</Filter>
    </ClCompile>
    <ClCompile Include="..\..\..\mcsrc\lib\widget\listbox.c">
      <Filter>Source Files\mcsrc\libmc\widget</Filter>
    </ClCompile>
    <ClCompile Include="..\..\..\mcsrc\lib\widget\listbox-window.c">
      <Filter>Source Files\mcsrc\libmc\widget</Filter>
    </ClCompile>
    <ClCompile Include="..\..\..\mcsrc\lib\widget\menu.c">
      <Filter>Source Files\mcsrc\libmc\widget</Filter>
    </ClCompile>
    <ClCompile Include="..\..\..\mcsrc\lib\widget\quick.c">
      <Filter>Source Files\mcsrc\libmc\widget</Filter>
    </ClCompile>
    <ClCompile Include="..\..\..\mcsrc\lib\widget\radio.c">
      <Filter>Source Files\mcsrc\libmc\widget</Filter>
    </ClCompile>
    <ClCompile Include="..\..\..\mcsrc\lib\widget\widget-common.c">
      <Filter>Source Files\mcsrc\libmc\widget</Filter>
    </ClCompile>
    <ClCompile Include="..\..\..\mcsrc\lib\widget\wtools.c">
      <Filter>Source Files\mcsrc\libmc\widget</Filter>
    </ClCompile>
    <ClCompile Include="..\..\..\mcsrc\lib\vfs\direntry.c">
      <Filter>Source Files\mcsrc\libmc\vfs</Filter>
    </ClCompile>
    <ClCompile Include="..\..\..\mcsrc\lib\vfs\gc.c">
      <Filter>Source Files\mcsrc\libmc\vfs</Filter>
    </ClCompile>
    <ClCompile Include="..\..\..\mcsrc\lib\vfs\interface.c">
      <Filter>Source Files\mcsrc\libmc\vfs</Filter>
    </ClCompile>
    <ClCompile Include="..\..\..\mcsrc\lib\vfs\netutil.c">
      <Filter>Source Files\mcsrc\libmc\vfs</Filter>
    </ClCompile>
    <ClCompile Include="..\..\..\mcsrc\lib\vfs\parse_ls_vga.c">
      <Filter>Source Files\mcsrc\libmc\vfs</Filter>
    </ClCompile>
    <ClCompile Include="..\..\..\mcsrc\lib\vfs\path.c">
      <Filter>Source Files\mcsrc\libmc\vfs</Filter>
    </ClCompile>
    <ClCompile Include="..\..\..\mcsrc\lib\vfs\utilvfs.c">
      <Filter>Source Files\mcsrc\libmc\vfs</Filter>
    </ClCompile>
    <ClCompile Include="..\..\..\mcsrc\lib\vfs\vfs.c">
      <Filter>Source Files\mcsrc\libmc\vfs</Filter>
    </ClCompile>
    <ClCompile Include="..\..\..\mcsrc\lib\tty\color.c">
      <Filter>Source Files\mcsrc\libmc\tty</Filter>
    </ClCompile>
    <ClCompile Include="..\..\..\mcsrc\lib\tty\color-internal.c">
      <Filter>Source Files\mcsrc\libmc\tty</Filter>
    </ClCompile>
    <ClCompile Include="..\..\..\mcsrc\lib\tty\color-slang.c">
      <Filter>Source Files\mcsrc\libmc\tty</Filter>
    </ClCompile>
    <ClCompile Include="..\..\..\mcsrc\lib\tty\mouse.c">
      <Filter>Source Files\mcsrc\libmc\tty</Filter>
    </ClCompile>
    <ClCompile Include="..\..\..\mcsrc\lib\tty\tty.c">
      <Filter>Source Files\mcsrc\libmc\tty</Filter>
    </ClCompile>
    <ClCompile Include="..\..\..\mcsrc\lib\strutil\replace.c">
      <Filter>Source Files\mcsrc\libmc\strutil</Filter>
    </ClCompile>
    <ClCompile Include="..\..\..\mcsrc\lib\strutil\strescape.c">
      <Filter>Source Files\mcsrc\libmc\strutil</Filter>
    </ClCompile>
    <ClCompile Include="..\..\..\mcsrc\lib\strutil\strutil.c">
      <Filter>Source Files\mcsrc\libmc\strutil</Filter>
    </ClCompile>
    <ClCompile Include="..\..\..\mcsrc\lib\strutil\strutil8bit.c">
      <Filter>Source Files\mcsrc\libmc\strutil</Filter>
    </ClCompile>
    <ClCompile Include="..\..\..\mcsrc\lib\strutil\strutilascii.c">
      <Filter>Source Files\mcsrc\libmc\strutil</Filter>
    </ClCompile>
    <ClCompile Include="..\..\..\mcsrc\lib\strutil\strutilutf8.c">
      <Filter>Source Files\mcsrc\libmc\strutil</Filter>
    </ClCompile>
    <ClCompile Include="..\..\..\mcsrc\lib\strutil\strverscmp.c">
      <Filter>Source Files\mcsrc\libmc\strutil</Filter>
    </ClCompile>
    <ClCompile Include="..\..\..\mcsrc\lib\strutil\xstrtol.c">
      <Filter>Source Files\mcsrc\libmc\strutil</Filter>
    </ClCompile>
    <ClCompile Include="..\..\..\mcsrc\lib\skin\colors.c">
      <Filter>Source Files\mcsrc\libmc\skin</Filter>
    </ClCompile>
    <ClCompile Include="..\..\..\mcsrc\lib\skin\colors-old.c">
      <Filter>Source Files\mcsrc\libmc\skin</Filter>
    </ClCompile>
    <ClCompile Include="..\..\..\mcsrc\lib\skin\common.c">
      <Filter>Source Files\mcsrc\libmc\skin</Filter>
    </ClCompile>
    <ClCompile Include="..\..\..\mcsrc\lib\skin\hc-skins.c">
      <Filter>Source Files\mcsrc\libmc\skin</Filter>
    </ClCompile>
    <ClCompile Include="..\..\..\mcsrc\lib\skin\ini-file.c">
      <Filter>Source Files\mcsrc\libmc\skin</Filter>
    </ClCompile>
    <ClCompile Include="..\..\..\mcsrc\lib\skin\lines.c">
      <Filter>Source Files\mcsrc\libmc\skin</Filter>
    </ClCompile>
    <ClCompile Include="..\..\..\mcsrc\lib\search\glob.c">
      <Filter>Source Files\mcsrc\libmc\search</Filter>
    </ClCompile>
    <ClCompile Include="..\..\..\mcsrc\lib\search\hex.c">
      <Filter>Source Files\mcsrc\libmc\search</Filter>
    </ClCompile>
    <ClCompile Include="..\..\..\mcsrc\lib\search\lib.c">
      <Filter>Source Files\mcsrc\libmc\search</Filter>
    </ClCompile>
    <ClCompile Include="..\..\..\mcsrc\lib\search\normal.c">
      <Filter>Source Files\mcsrc\libmc\search</Filter>
    </ClCompile>
    <ClCompile Include="..\..\..\mcsrc\lib\search\regex.c">
      <Filter>Source Files\mcsrc\libmc\search</Filter>
    </ClCompile>
    <ClCompile Include="..\..\..\mcsrc\lib\search\search.c">
      <Filter>Source Files\mcsrc\libmc\search</Filter>
    </ClCompile>
    <ClCompile Include="..\..\..\mcsrc\src\vfs\plugins_init.c">
      <Filter>Source Files\mcsrc\libvfs</Filter>
    </ClCompile>
    <ClCompile Include="..\..\..\mcsrc\src\vfs\local\local.c">
      <Filter>Source Files\mcsrc\libvfs\local</Filter>
    </ClCompile>
    <ClCompile Include="..\..\..\mcsrc\src\vfs\cpio\cpio.c">
      <Filter>Source Files\mcsrc\libvfs\cpio</Filter>
    </ClCompile>
    <ClCompile Include="..\..\..\mcsrc\src\vfs\extfs\extfs.c">
      <Filter>Source Files\mcsrc\libvfs\extfs</Filter>
    </ClCompile>
    <ClCompile Include="..\..\..\mcsrc\src\vfs\ftpfs\ftpfs.c">
      <Filter>Source Files\mcsrc\libvfs\ftpfs</Filter>
    </ClCompile>
    <ClCompile Include="..\..\..\mcsrc\src\vfs\tar\tar.c">
      <Filter>Source Files\mcsrc\libvfs\tar</Filter>
    </ClCompile>
    <ClCompile Include="..\..\..\mcsrc\src\vfs\sfs\sfs.c">
      <Filter>Source Files\mcsrc\libvfs\sfs</Filter>
    </ClCompile>
    <ClCompile Include="..\..\..\mcsrc\src\vfs\sftpfs\config_parser.c">
      <Filter>Source Files\mcsrc\libvfs\sftpfs</Filter>
    </ClCompile>
    <ClCompile Include="..\..\..\mcsrc\src\vfs\sftpfs\connection.c">
      <Filter>Source Files\mcsrc\libvfs\sftpfs</Filter>
    </ClCompile>
    <ClCompile Include="..\..\..\mcsrc\src\vfs\sftpfs\dir.c">
      <Filter>Source Files\mcsrc\libvfs\sftpfs</Filter>
    </ClCompile>
    <ClCompile Include="..\..\..\mcsrc\src\vfs\sftpfs\file.c">
      <Filter>Source Files\mcsrc\libvfs\sftpfs</Filter>
    </ClCompile>
    <ClCompile Include="..\..\..\mcsrc\src\vfs\sftpfs\init.c">
      <Filter>Source Files\mcsrc\libvfs\sftpfs</Filter>
    </ClCompile>
    <ClCompile Include="..\..\..\mcsrc\src\vfs\sftpfs\internal.c">
      <Filter>Source Files\mcsrc\libvfs\sftpfs</Filter>
    </ClCompile>
    <ClCompile Include="..\..\..\mcsrc\src\vfs\sftpfs\vfs_class.c">
      <Filter>Source Files\mcsrc\libvfs\sftpfs</Filter>
    </ClCompile>
    <ClCompile Include="..\..\..\mcsrc\src\vfs\sftpfs\vfs_subclass.c">
      <Filter>Source Files\mcsrc\libvfs\sftpfs</Filter>
    </ClCompile>
    <ClCompile Include="..\..\..\mcsrc\lib\shell.c">
      <Filter>Source Files\mcsrc\libmc</Filter>
    </ClCompile>
    <ClCompile Include="..\..\..\mcsrc\lib\widget\mouse.c">
      <Filter>Source Files\mcsrc\libmc\widget</Filter>
    </ClCompile>
    <ClCompile Include="..\..\..\mcsrc\src\usermenu.c">
      <Filter>Source Files\mcsrc</Filter>
    </ClCompile>
    <ClCompile Include="..\..\..\mcsrc\lib\widget\background.c">
      <Filter>Source Files\mcsrc\libmc\widget</Filter>
    </ClCompile>
    <ClCompile Include="..\..\..\mcsrc\lib\widget\frame.c">
      <Filter>Source Files\mcsrc\libmc\widget</Filter>
    </ClCompile>
    <ClCompile Include="..\..\..\mcsrc\lib\widget\group.c">
      <Filter>Source Files\mcsrc\libmc\widget</Filter>
    </ClCompile>
    <ClCompile Include="..\..\..\mcsrc\lib\widget\rect.c">
      <Filter>Source Files\mcsrc\libmc\widget</Filter>
    </ClCompile>
    <ClCompile Include="..\..\..\mcsrc\src\file_history.c">
      <Filter>Source Files\mcsrc</Filter>
    </ClCompile>
    <ClCompile Include="..\..\..\mcsrc\lib\mcconfig\history.c">
      <Filter>Source Files\mcsrc\libmc\mcconfig</Filter>
    </ClCompile>
    <ClCompile Include="..\..\..\mcsrc\lib\strutil\filevercmp.c">
      <Filter>Source Files\mcsrc\libmc\strutil</Filter>
    </ClCompile>
    <ClCompile Include="..\..\src\win32_glib.c">
      <Filter>Source Files</Filter>
    </ClCompile>
    <ClCompile Include="..\..\src\win32_key.c">
      <Filter>Source Files</Filter>
    </ClCompile>
    <ClCompile Include="..\..\src\win32_pipe.c">
      <Filter>Source Files</Filter>
    </ClCompile>
    <ClCompile Include="..\..\src\win32_tty.c">
      <Filter>Source Files</Filter>
    </ClCompile>
    <ClCompile Include="..\..\src\win32_utl.c">
      <Filter>Source Files</Filter>
    </ClCompile>
    <ClCompile Include="..\..\src\win32_win.c">
      <Filter>Source Files</Filter>
    </ClCompile>
    <ClCompile Include="..\..\src\drive.c">
      <Filter>Source Files</Filter>
    </ClCompile>
    <ClCompile Include="..\..\src\compat_strtok_r.c">
      <Filter>Source Files</Filter>
    </ClCompile>
    <ClCompile Include="..\..\..\mcsrc\src\editor\editcomplete.c">
      <Filter>Source Files\mcsrc\editor</Filter>
    </ClCompile>
    <ClCompile Include="..\..\..\mcsrc\src\editor\editmacros.c">
      <Filter>Source Files\mcsrc\editor</Filter>
    </ClCompile>
    <ClCompile Include="..\..\..\mcsrc\src\editor\editsearch.c">
      <Filter>Source Files\mcsrc\editor</Filter>
    </ClCompile>
    <ClCompile Include="..\..\..\mcsrc\src\filemanager\cd.c">
      <Filter>Source Files\mcsrc\filemanager</Filter>
    </ClCompile>
    <ClCompile Include="..\..\..\mcsrc\src\filemanager\filemanager.c">
      <Filter>Source Files\mcsrc\filemanager</Filter>
    </ClCompile>
    <ClCompile Include="..\..\..\mcsrc\src\keymap.c">
      <Filter>Source Files\mcsrc</Filter>
    </ClCompile>
    <ClCompile Include="..\..\..\mcsrc\src\vfs\ftpfs\ftpfs_parse_ls.c">
      <Filter>Source Files\mcsrc\libvfs\ftpfs</Filter>
    </ClCompile>
    <ClCompile Include="..\..\src\win32_trace.c">
      <Filter>Source Files</Filter>
    </ClCompile>
    <ClCompile Include="..\..\src\strchr2.c">
      <Filter>Source Files</Filter>
    </ClCompile>
    <ClCompile Include="..\..\..\mcsrc\src\vfs\fish\fish.c">
      <Filter>Source Files\mcsrc\libvfs\fish</Filter>
    </ClCompile>
  </ItemGroup>
  <ItemGroup>
    <ClInclude Include="..\..\buildinfo.h">
      <Filter>Header Files</Filter>
    </ClInclude>
    <ClInclude Include="..\..\config.h">
      <Filter>Header Files</Filter>
    </ClInclude>
    <ClInclude Include="..\..\..\mcsrc\src\filemanager\achown.h">
      <Filter>Header Files\mcsrc\libmc\widget\filemanager</Filter>
    </ClInclude>
    <ClInclude Include="..\..\..\mcsrc\src\filemanager\boxes.h">
      <Filter>Header Files\mcsrc\libmc\widget\filemanager</Filter>
    </ClInclude>
    <ClInclude Include="..\..\..\mcsrc\src\filemanager\chmod.h">
      <Filter>Header Files\mcsrc\libmc\widget\filemanager</Filter>
    </ClInclude>
    <ClInclude Include="..\..\..\mcsrc\src\filemanager\chown.h">
      <Filter>Header Files\mcsrc\libmc\widget\filemanager</Filter>
    </ClInclude>
    <ClInclude Include="..\..\..\mcsrc\src\filemanager\cmd.h">
      <Filter>Header Files\mcsrc\libmc\widget\filemanager</Filter>
    </ClInclude>
    <ClInclude Include="..\..\..\mcsrc\src\filemanager\command.h">
      <Filter>Header Files\mcsrc\libmc\widget\filemanager</Filter>
    </ClInclude>
    <ClInclude Include="..\..\..\mcsrc\src\filemanager\dir.h">
      <Filter>Header Files\mcsrc\libmc\widget\filemanager</Filter>
    </ClInclude>
    <ClInclude Include="..\..\..\mcsrc\src\filemanager\ext.h">
      <Filter>Header Files\mcsrc\libmc\widget\filemanager</Filter>
    </ClInclude>
    <ClInclude Include="..\..\..\mcsrc\src\filemanager\file.h">
      <Filter>Header Files\mcsrc\libmc\widget\filemanager</Filter>
    </ClInclude>
    <ClInclude Include="..\..\..\mcsrc\src\filemanager\filegui.h">
      <Filter>Header Files\mcsrc\libmc\widget\filemanager</Filter>
    </ClInclude>
    <ClInclude Include="..\..\..\mcsrc\src\filemanager\filenot.h">
      <Filter>Header Files\mcsrc\libmc\widget\filemanager</Filter>
    </ClInclude>
    <ClInclude Include="..\..\..\mcsrc\src\filemanager\fileopctx.h">
      <Filter>Header Files\mcsrc\libmc\widget\filemanager</Filter>
    </ClInclude>
    <ClInclude Include="..\..\..\mcsrc\src\filemanager\find.h">
      <Filter>Header Files\mcsrc\libmc\widget\filemanager</Filter>
    </ClInclude>
    <ClInclude Include="..\..\..\mcsrc\src\filemanager\hotlist.h">
      <Filter>Header Files\mcsrc\libmc\widget\filemanager</Filter>
    </ClInclude>
    <ClInclude Include="..\..\..\mcsrc\src\filemanager\info.h">
      <Filter>Header Files\mcsrc\libmc\widget\filemanager</Filter>
    </ClInclude>
    <ClInclude Include="..\..\..\mcsrc\src\filemanager\layout.h">
      <Filter>Header Files\mcsrc\libmc\widget\filemanager</Filter>
    </ClInclude>
    <ClInclude Include="..\..\..\mcsrc\src\filemanager\listmode.h">
      <Filter>Header Files\mcsrc\libmc\widget\filemanager</Filter>
    </ClInclude>
    <ClInclude Include="..\..\..\mcsrc\src\filemanager\midnight.h">
      <Filter>Header Files\mcsrc\libmc\widget\filemanager</Filter>
    </ClInclude>
    <ClInclude Include="..\..\..\mcsrc\src\filemanager\mountlist.h">
      <Filter>Header Files\mcsrc\libmc\widget\filemanager</Filter>
    </ClInclude>
    <ClInclude Include="..\..\..\mcsrc\src\filemanager\panel.h">
      <Filter>Header Files\mcsrc\libmc\widget\filemanager</Filter>
    </ClInclude>
    <ClInclude Include="..\..\..\mcsrc\src\filemanager\panelize.h">
      <Filter>Header Files\mcsrc\libmc\widget\filemanager</Filter>
    </ClInclude>
    <ClInclude Include="..\..\..\mcsrc\src\filemanager\tree.h">
      <Filter>Header Files\mcsrc\libmc\widget\filemanager</Filter>
    </ClInclude>
    <ClInclude Include="..\..\..\mcsrc\src\filemanager\treestore.h">
      <Filter>Header Files\mcsrc\libmc\widget\filemanager</Filter>
    </ClInclude>
    <ClInclude Include="..\..\..\mcsrc\src\args.h">
      <Filter>Header Files\mcsrc</Filter>
    </ClInclude>
    <ClInclude Include="..\..\..\mcsrc\src\clipboard.h">
      <Filter>Header Files\mcsrc</Filter>
    </ClInclude>
    <ClInclude Include="..\..\..\mcsrc\src\events_init.h">
      <Filter>Header Files\mcsrc</Filter>
    </ClInclude>
    <ClInclude Include="..\..\..\mcsrc\src\execute.h">
      <Filter>Header Files\mcsrc</Filter>
    </ClInclude>
    <ClInclude Include="..\..\..\mcsrc\src\help.h">
      <Filter>Header Files\mcsrc</Filter>
    </ClInclude>
    <ClInclude Include="..\..\..\mcsrc\src\history.h">
      <Filter>Header Files\mcsrc</Filter>
    </ClInclude>
    <ClInclude Include="..\..\..\mcsrc\src\keybind-defaults.h">
      <Filter>Header Files\mcsrc</Filter>
    </ClInclude>
    <ClInclude Include="..\..\..\mcsrc\src\learn.h">
      <Filter>Header Files\mcsrc</Filter>
    </ClInclude>
    <ClInclude Include="..\..\..\mcsrc\src\selcodepage.h">
      <Filter>Header Files\mcsrc</Filter>
    </ClInclude>
    <ClInclude Include="..\..\..\mcsrc\src\setup.h">
      <Filter>Header Files\mcsrc</Filter>
    </ClInclude>
    <ClInclude Include="..\..\..\mcsrc\src\textconf.h">
      <Filter>Header Files\mcsrc</Filter>
    </ClInclude>
    <ClInclude Include="..\..\..\mcsrc\src\editor\edit.h">
      <Filter>Header Files\mcsrc\editor</Filter>
    </ClInclude>
    <ClInclude Include="..\..\..\mcsrc\src\editor\editbuffer.h">
      <Filter>Header Files\mcsrc\editor</Filter>
    </ClInclude>
    <ClInclude Include="..\..\..\mcsrc\src\editor\edit-impl.h">
      <Filter>Header Files\mcsrc\editor</Filter>
    </ClInclude>
    <ClInclude Include="..\..\..\mcsrc\src\editor\editwidget.h">
      <Filter>Header Files\mcsrc\editor</Filter>
    </ClInclude>
    <ClInclude Include="..\..\..\mcsrc\src\editor\etags.h">
      <Filter>Header Files\mcsrc\editor</Filter>
    </ClInclude>
    <ClInclude Include="..\..\..\mcsrc\src\editor\spell.h">
      <Filter>Header Files\mcsrc\editor</Filter>
    </ClInclude>
    <ClInclude Include="..\..\..\mcsrc\src\diffviewer\internal.h">
      <Filter>Header Files\mcsrc\diffviewer</Filter>
    </ClInclude>
    <ClInclude Include="..\..\..\mcsrc\src\diffviewer\ydiff.h">
      <Filter>Header Files\mcsrc\diffviewer</Filter>
    </ClInclude>
    <ClInclude Include="..\..\..\mcsrc\src\viewer\internal.h">
      <Filter>Header Files\mcsrc\viewer</Filter>
    </ClInclude>
    <ClInclude Include="..\..\..\mcsrc\src\viewer\mcviewer.h">
      <Filter>Header Files\mcsrc\viewer</Filter>
    </ClInclude>
    <ClInclude Include="..\..\..\mcsrc\lib\charsets.h">
      <Filter>Header Files\mcsrc\libmc</Filter>
    </ClInclude>
    <ClInclude Include="..\..\..\mcsrc\lib\event.h">
      <Filter>Header Files\mcsrc\libmc</Filter>
    </ClInclude>
    <ClInclude Include="..\..\..\mcsrc\lib\event-types.h">
      <Filter>Header Files\mcsrc\libmc</Filter>
    </ClInclude>
    <ClInclude Include="..\..\..\mcsrc\lib\fileloc.h">
      <Filter>Header Files\mcsrc\libmc</Filter>
    </ClInclude>
    <ClInclude Include="..\..\..\mcsrc\lib\fs.h">
      <Filter>Header Files\mcsrc\libmc</Filter>
    </ClInclude>
    <ClInclude Include="..\..\..\mcsrc\lib\filehighlight.h">
      <Filter>Header Files\mcsrc\libmc</Filter>
    </ClInclude>
    <ClInclude Include="..\..\..\mcsrc\lib\glibcompat.h">
      <Filter>Header Files\mcsrc\libmc</Filter>
    </ClInclude>
    <ClInclude Include="..\..\..\mcsrc\lib\global.h">
      <Filter>Header Files\mcsrc\libmc</Filter>
    </ClInclude>
    <ClInclude Include="..\..\..\mcsrc\lib\hook.h">
      <Filter>Header Files\mcsrc\libmc</Filter>
    </ClInclude>
    <ClInclude Include="..\..\..\mcsrc\lib\keybind.h">
      <Filter>Header Files\mcsrc\libmc</Filter>
    </ClInclude>
    <ClInclude Include="..\..\..\mcsrc\lib\lock.h">
      <Filter>Header Files\mcsrc\libmc</Filter>
    </ClInclude>
    <ClInclude Include="..\..\..\mcsrc\lib\logging.h">
      <Filter>Header Files\mcsrc\libmc</Filter>
    </ClInclude>
    <ClInclude Include="..\..\..\mcsrc\lib\mcconfig.h">
      <Filter>Header Files\mcsrc\libmc</Filter>
    </ClInclude>
    <ClInclude Include="..\..\..\mcsrc\lib\search.h">
      <Filter>Header Files\mcsrc\libmc</Filter>
    </ClInclude>
    <ClInclude Include="..\..\..\mcsrc\lib\serialize.h">
      <Filter>Header Files\mcsrc\libmc</Filter>
    </ClInclude>
    <ClInclude Include="..\..\..\mcsrc\lib\strescape.h">
      <Filter>Header Files\mcsrc\libmc</Filter>
    </ClInclude>
    <ClInclude Include="..\..\..\mcsrc\lib\skin.h">
      <Filter>Header Files\mcsrc\libmc</Filter>
    </ClInclude>
    <ClInclude Include="..\..\..\mcsrc\lib\strutil.h">
      <Filter>Header Files\mcsrc\libmc</Filter>
    </ClInclude>
    <ClInclude Include="..\..\..\mcsrc\lib\timefmt.h">
      <Filter>Header Files\mcsrc\libmc</Filter>
    </ClInclude>
    <ClInclude Include="..\..\..\mcsrc\lib\timer.h">
      <Filter>Header Files\mcsrc\libmc</Filter>
    </ClInclude>
    <ClInclude Include="..\..\..\mcsrc\lib\unixcompat.h">
      <Filter>Header Files\mcsrc\libmc</Filter>
    </ClInclude>
    <ClInclude Include="..\..\..\mcsrc\lib\util.h">
      <Filter>Header Files\mcsrc\libmc</Filter>
    </ClInclude>
    <ClInclude Include="..\..\..\mcsrc\lib\utilunix.h">
      <Filter>Header Files\mcsrc\libmc</Filter>
    </ClInclude>
    <ClInclude Include="..\..\..\mcsrc\lib\widget.h">
      <Filter>Header Files\mcsrc\libmc</Filter>
    </ClInclude>
    <ClInclude Include="..\..\..\mcsrc\lib\event\internal.h">
      <Filter>Header Files\mcsrc\libmc\event</Filter>
    </ClInclude>
    <ClInclude Include="..\..\..\mcsrc\lib\filehighlight\internal.h">
      <Filter>Header Files\mcsrc\libmc\hilite</Filter>
    </ClInclude>
    <ClInclude Include="..\..\..\mcsrc\lib\widget\button.h">
      <Filter>Header Files\mcsrc\libmc\widget</Filter>
    </ClInclude>
    <ClInclude Include="..\..\..\mcsrc\lib\widget\buttonbar.h">
      <Filter>Header Files\mcsrc\libmc\widget</Filter>
    </ClInclude>
    <ClInclude Include="..\..\..\mcsrc\lib\widget\check.h">
      <Filter>Header Files\mcsrc\libmc\widget</Filter>
    </ClInclude>
    <ClInclude Include="..\..\..\mcsrc\lib\widget\dialog.h">
      <Filter>Header Files\mcsrc\libmc\widget</Filter>
    </ClInclude>
    <ClInclude Include="..\..\..\mcsrc\lib\widget\dialog-switch.h">
      <Filter>Header Files\mcsrc\libmc\widget</Filter>
    </ClInclude>
    <ClInclude Include="..\..\..\mcsrc\lib\widget\gauge.h">
      <Filter>Header Files\mcsrc\libmc\widget</Filter>
    </ClInclude>
    <ClInclude Include="..\..\..\mcsrc\lib\widget\groupbox.h">
      <Filter>Header Files\mcsrc\libmc\widget</Filter>
    </ClInclude>
    <ClInclude Include="..\..\..\mcsrc\lib\widget\history.h">
      <Filter>Header Files\mcsrc\libmc\widget</Filter>
    </ClInclude>
    <ClInclude Include="..\..\..\mcsrc\lib\widget\hline.h">
      <Filter>Header Files\mcsrc\libmc\widget</Filter>
    </ClInclude>
    <ClInclude Include="..\..\..\mcsrc\lib\widget\input.h">
      <Filter>Header Files\mcsrc\libmc\widget</Filter>
    </ClInclude>
    <ClInclude Include="..\..\..\mcsrc\lib\widget\input_complete.h">
      <Filter>Header Files\mcsrc\libmc\widget</Filter>
    </ClInclude>
    <ClInclude Include="..\..\..\mcsrc\lib\widget\label.h">
      <Filter>Header Files\mcsrc\libmc\widget</Filter>
    </ClInclude>
    <ClInclude Include="..\..\..\mcsrc\lib\widget\listbox.h">
      <Filter>Header Files\mcsrc\libmc\widget</Filter>
    </ClInclude>
    <ClInclude Include="..\..\..\mcsrc\lib\widget\listbox-window.h">
      <Filter>Header Files\mcsrc\libmc\widget</Filter>
    </ClInclude>
    <ClInclude Include="..\..\..\mcsrc\lib\widget\menu.h">
      <Filter>Header Files\mcsrc\libmc\widget</Filter>
    </ClInclude>
    <ClInclude Include="..\..\..\mcsrc\lib\widget\quick.h">
      <Filter>Header Files\mcsrc\libmc\widget</Filter>
    </ClInclude>
    <ClInclude Include="..\..\..\mcsrc\lib\widget\radio.h">
      <Filter>Header Files\mcsrc\libmc\widget</Filter>
    </ClInclude>
    <ClInclude Include="..\..\..\mcsrc\lib\widget\widget-common.h">
      <Filter>Header Files\mcsrc\libmc\widget</Filter>
    </ClInclude>
    <ClInclude Include="..\..\..\mcsrc\lib\widget\wtools.h">
      <Filter>Header Files\mcsrc\libmc\widget</Filter>
    </ClInclude>
    <ClInclude Include="..\..\..\mcsrc\lib\vfs\gc.h">
      <Filter>Header Files\mcsrc\libmc\vfs</Filter>
    </ClInclude>
    <ClInclude Include="..\..\..\mcsrc\lib\vfs\netutil.h">
      <Filter>Header Files\mcsrc\libmc\vfs</Filter>
    </ClInclude>
    <ClInclude Include="..\..\..\mcsrc\lib\vfs\path.h">
      <Filter>Header Files\mcsrc\libmc\vfs</Filter>
    </ClInclude>
    <ClInclude Include="..\..\..\mcsrc\lib\vfs\utilvfs.h">
      <Filter>Header Files\mcsrc\libmc\vfs</Filter>
    </ClInclude>
    <ClInclude Include="..\..\..\mcsrc\lib\vfs\vfs.h">
      <Filter>Header Files\mcsrc\libmc\vfs</Filter>
    </ClInclude>
    <ClInclude Include="..\..\..\mcsrc\lib\vfs\xdirentry.h">
      <Filter>Header Files\mcsrc\libmc\vfs</Filter>
    </ClInclude>
    <ClInclude Include="..\..\..\mcsrc\lib\tty\color.h">
      <Filter>Header Files\mcsrc\libmc\tty</Filter>
    </ClInclude>
    <ClInclude Include="..\..\..\mcsrc\lib\tty\color-internal.h">
      <Filter>Header Files\mcsrc\libmc\tty</Filter>
    </ClInclude>
    <ClInclude Include="..\..\..\mcsrc\lib\tty\color-slang.h">
      <Filter>Header Files\mcsrc\libmc\tty</Filter>
    </ClInclude>
    <ClInclude Include="..\..\..\mcsrc\lib\tty\mouse.h">
      <Filter>Header Files\mcsrc\libmc\tty</Filter>
    </ClInclude>
    <ClInclude Include="..\..\..\mcsrc\lib\tty\tty-internal.h">
      <Filter>Header Files\mcsrc\libmc\tty</Filter>
    </ClInclude>
    <ClInclude Include="..\..\..\mcsrc\lib\tty\tty-ncurses.h">
      <Filter>Header Files\mcsrc\libmc\tty</Filter>
    </ClInclude>
    <ClInclude Include="..\..\..\mcsrc\lib\tty\tty-slang.h">
      <Filter>Header Files\mcsrc\libmc\tty</Filter>
    </ClInclude>
    <ClInclude Include="..\..\..\mcsrc\lib\tty\x11conn.h">
      <Filter>Header Files\mcsrc\libmc\tty</Filter>
    </ClInclude>
    <ClInclude Include="..\..\..\mcsrc\lib\tty\win.h">
      <Filter>Header Files\mcsrc\libmc\tty</Filter>
    </ClInclude>
    <ClInclude Include="..\..\..\mcsrc\lib\tty\key.h">
      <Filter>Header Files\mcsrc\libmc\tty</Filter>
    </ClInclude>
    <ClInclude Include="..\..\..\mcsrc\lib\tty\tty.h">
      <Filter>Header Files\mcsrc\libmc\tty</Filter>
    </ClInclude>
    <ClInclude Include="..\..\..\mcsrc\lib\skin\internal.h">
      <Filter>Header Files\mcsrc\libmc\skin</Filter>
    </ClInclude>
    <ClInclude Include="..\..\..\mcsrc\lib\search\internal.h">
      <Filter>Header Files\mcsrc\libmc\search</Filter>
    </ClInclude>
    <ClInclude Include="..\..\..\mcsrc\src\vfs\extfs\extfs.h">
      <Filter>Header Files\mcsrc\libvfs</Filter>
    </ClInclude>
    <ClInclude Include="..\..\..\mcsrc\src\vfs\cpio\cpio.h">
      <Filter>Header Files\mcsrc\libvfs</Filter>
    </ClInclude>
    <ClInclude Include="..\..\..\mcsrc\src\vfs\ftpfs\ftpfs.h">
      <Filter>Header Files\mcsrc\libvfs</Filter>
    </ClInclude>
    <ClInclude Include="..\..\..\mcsrc\src\vfs\local\local.h">
      <Filter>Header Files\mcsrc\libvfs</Filter>
    </ClInclude>
    <ClInclude Include="..\..\..\mcsrc\src\vfs\sfs\sfs.h">
      <Filter>Header Files\mcsrc\libvfs</Filter>
    </ClInclude>
    <ClInclude Include="..\..\..\mcsrc\src\vfs\sftpfs\init.h">
      <Filter>Header Files\mcsrc\libvfs</Filter>
    </ClInclude>
    <ClInclude Include="..\..\..\mcsrc\src\vfs\sftpfs\internal.h">
      <Filter>Header Files\mcsrc\libvfs</Filter>
    </ClInclude>
    <ClInclude Include="..\..\..\mcsrc\src\vfs\tar\tar.h">
      <Filter>Header Files\mcsrc\libvfs</Filter>
    </ClInclude>
    <ClInclude Include="..\..\..\mcsrc\src\vfs\plugins_init.h">
      <Filter>Header Files\mcsrc\libvfs</Filter>
    </ClInclude>
    <ClInclude Include="..\..\..\mcsrc\src\usermenu.h">
      <Filter>Header Files\mcsrc</Filter>
    </ClInclude>
    <ClInclude Include="..\..\..\mcsrc\lib\widget\background.h">
      <Filter>Header Files\mcsrc\libmc\widget</Filter>
    </ClInclude>
    <ClInclude Include="..\..\..\mcsrc\lib\widget\frame.h">
      <Filter>Header Files\mcsrc\libmc\widget</Filter>
    </ClInclude>
    <ClInclude Include="..\..\..\mcsrc\lib\widget\rect.h">
      <Filter>Header Files\mcsrc\libmc\widget</Filter>
    </ClInclude>
    <ClInclude Include="..\..\..\mcsrc\lib\widget\group.h">
      <Filter>Header Files\mcsrc\libmc\widget</Filter>
    </ClInclude>
    <ClInclude Include="..\..\..\mcsrc\src\file_history.h">
      <Filter>Header Files\mcsrc</Filter>
    </ClInclude>
    <ClInclude Include="..\..\src\drive.h">
      <Filter>Header Files</Filter>
    </ClInclude>
    <ClInclude Include="..\..\src\win32_key.h">
      <Filter>Header Files</Filter>
    </ClInclude>
    <ClInclude Include="..\..\..\mcsrc\src\vfs\fish\fish.h">
      <Filter>Header Files\mcsrc\libvfs\fish</Filter>
    </ClInclude>
    <ClInclude Include="..\..\..\mcsrc\src\vfs\fish\fishdef.h">
      <Filter>Header Files\mcsrc\libvfs\fish</Filter>
    </ClInclude>
    <ClInclude Include="..\..\..\mcsrc\src\util.h">
      <Filter>Header Files</Filter>
    </ClInclude>
    <ClInclude Include="..\..\src\win32_utl.h">
      <Filter>Header Files</Filter>
    </ClInclude>
    <ClInclude Include="..\..\..\mcsrc\src\editor\editcomplete.h">
      <Filter>Header Files\mcsrc\editor</Filter>
    </ClInclude>
    <ClInclude Include="..\..\..\mcsrc\src\editor\editmacros.h">
      <Filter>Header Files\mcsrc\editor</Filter>
    </ClInclude>
    <ClInclude Include="..\..\..\mcsrc\src\editor\editsearch.h">
      <Filter>Header Files\mcsrc\editor</Filter>
    </ClInclude>
    <ClInclude Include="..\..\..\mcsrc\src\filemanager\cd.h">
      <Filter>Header Files\mcsrc\filemanager</Filter>
    </ClInclude>
    <ClInclude Include="..\..\..\mcsrc\src\filemanager\filemanager.h">
      <Filter>Header Files\mcsrc\filemanager</Filter>
    </ClInclude>
    <ClInclude Include="..\..\..\mcsrc\src\filemanager\ioblksize.h">
      <Filter>Header Files\mcsrc\filemanager</Filter>
    </ClInclude>
    <ClInclude Include="..\..\..\mcsrc\src\background.h">
      <Filter>Header Files\mcsrc</Filter>
    </ClInclude>
    <ClInclude Include="..\..\..\mcsrc\src\keymap.h">
      <Filter>Header Files\mcsrc</Filter>
    </ClInclude>
    <ClInclude Include="..\..\src\win32_trace.h">
      <Filter>Header Files</Filter>
    </ClInclude>
  </ItemGroup>
  <ItemGroup>
    <ResourceCompile Include="..\..\mc.rc">
      <Filter>Resource Files</Filter>
    </ResourceCompile>
  </ItemGroup>
</Project>